
Microsoft Visual Studio Solution File, Format Version 12.00
# Visual Studio 15
VisualStudioVersion = 15.0.28010.2016
MinimumVisualStudioVersion = 10.0.40219.1
Project("{FAE04EC0-301F-11D3-BF4B-00C04F79EFBC}") = "cPanel", "cPanel\cPanel.csproj", "{3CBFC0F2-4F42-421E-B5C6-54E57F23544D}"
EndProject
Global
	GlobalSection(SolutionConfigurationPlatforms) = preSolution
		Debug|Any CPU = Debug|Any CPU
		Release|Any CPU = Release|Any CPU
	EndGlobalSection
	GlobalSection(ProjectConfigurationPlatforms) = postSolution
		{3CBFC0F2-4F42-421E-B5C6-54E57F23544D}.Debug|Any CPU.ActiveCfg = Debug|Any CPU
		{3CBFC0F2-4F42-421E-B5C6-54E57F23544D}.Debug|Any CPU.Build.0 = Debug|Any CPU
		{3CBFC0F2-4F42-421E-B5C6-54E57F23544D}.Release|Any CPU.ActiveCfg = Release|Any CPU
		{3CBFC0F2-4F42-421E-B5C6-54E57F23544D}.Release|Any CPU.Build.0 = Release|Any CPU
	EndGlobalSection
	GlobalSection(SolutionProperties) = preSolution
		HideSolutionNode = FALSE
	EndGlobalSection
	GlobalSection(ExtensibilityGlobals) = postSolution
		SolutionGuid = {E173BC94-51E4-45C3-8EA6-F18FB59279E3}
	EndGlobalSection
EndGlobal
